
Microsoft Visual Studio Solution File, Format Version 12.00
# Visual Studio Version 17
VisualStudioVersion = 17.9.34622.214
MinimumVisualStudioVersion = 10.0.40219.1
Project("{FAE04EC0-301F-11D3-BF4B-00C04F79EFBC}") = "WS_CuaHangBanDiDong", "WS_CuaHangBanDiDong\WS_CuaHangBanDiDong.csproj", "{D5FFB6F3-AA19-4059-9FC5-2B03FB38E2D6}"
EndProject
Global
	GlobalSection(SolutionConfigurationPlatforms) = preSolution
		Debug|Any CPU = Debug|Any CPU
		Release|Any CPU = Release|Any CPU
	EndGlobalSection
	GlobalSection(ProjectConfigurationPlatforms) = postSolution
		{D5FFB6F3-AA19-4059-9FC5-2B03FB38E2D6}.Debug|Any CPU.ActiveCfg = Debug|Any CPU
		{D5FFB6F3-AA19-4059-9FC5-2B03FB38E2D6}.Debug|Any CPU.Build.0 = Debug|Any CPU
		{D5FFB6F3-AA19-4059-9FC5-2B03FB38E2D6}.Release|Any CPU.ActiveCfg = Release|Any CPU
		{D5FFB6F3-AA19-4059-9FC5-2B03FB38E2D6}.Release|Any CPU.Build.0 = Release|Any CPU
	EndGlobalSection
	GlobalSection(SolutionProperties) = preSolution
		HideSolutionNode = FALSE
	EndGlobalSection
	GlobalSection(ExtensibilityGlobals) = postSolution
		SolutionGuid = {D4E2C65F-2470-4B96-AC08-6FE8B1265AB6}
	EndGlobalSection
EndGlobal
