
Microsoft Visual Studio Solution File, Format Version 12.00
# Visual Studio Version 17
VisualStudioVersion = 17.9.34714.143
MinimumVisualStudioVersion = 10.0.40219.1
Project("{FAE04EC0-301F-11D3-BF4B-00C04F79EFBC}") = "WSite_CuaHangDienThoai", "WSite_CuaHangDienThoai\WSite_CuaHangDienThoai.csproj", "{F662F83E-E2ED-4BD4-9AFF-B42E61C8A611}"
EndProject
Global
	GlobalSection(SolutionConfigurationPlatforms) = preSolution
		Debug|Any CPU = Debug|Any CPU
		Release|Any CPU = Release|Any CPU
	EndGlobalSection
	GlobalSection(ProjectConfigurationPlatforms) = postSolution
		{F662F83E-E2ED-4BD4-9AFF-B42E61C8A611}.Debug|Any CPU.ActiveCfg = Debug|Any CPU
		{F662F83E-E2ED-4BD4-9AFF-B42E61C8A611}.Debug|Any CPU.Build.0 = Debug|Any CPU
		{F662F83E-E2ED-4BD4-9AFF-B42E61C8A611}.Release|Any CPU.ActiveCfg = Release|Any CPU
		{F662F83E-E2ED-4BD4-9AFF-B42E61C8A611}.Release|Any CPU.Build.0 = Release|Any CPU
	EndGlobalSection
	GlobalSection(SolutionProperties) = preSolution
		HideSolutionNode = FALSE
	EndGlobalSection
	GlobalSection(ExtensibilityGlobals) = postSolution
		SolutionGuid = {7AA83E27-46C7-4CA4-8C47-7B00AC3A5446}
	EndGlobalSection
EndGlobal
